
Microsoft Visual Studio Solution File, Format Version 12.00
Project("{FAE04EC0-301F-11D3-BF4B-00C04F79EFBC}") = "BuilderDesignPattern", "BuilderDesignPattern\BuilderDesignPattern.csproj", "{497B141F-235F-4A32-973C-003408267AB4}"
EndProject
Global
	GlobalSection(SolutionConfigurationPlatforms) = preSolution
		Debug|Any CPU = Debug|Any CPU
		Release|Any CPU = Release|Any CPU
	EndGlobalSection
	GlobalSection(ProjectConfigurationPlatforms) = postSolution
		{497B141F-235F-4A32-973C-003408267AB4}.Debug|Any CPU.ActiveCfg = Debug|Any CPU
		{497B141F-235F-4A32-973C-003408267AB4}.Debug|Any CPU.Build.0 = Debug|Any CPU
		{497B141F-235F-4A32-973C-003408267AB4}.Release|Any CPU.ActiveCfg = Release|Any CPU
		{497B141F-235F-4A32-973C-003408267AB4}.Release|Any CPU.Build.0 = Release|Any CPU
	EndGlobalSection
EndGlobal
